<?xml version="1.0" encoding="UTF-8" standalone="yes" ?>
<CodeBlocks_project_file>
	<FileVersion major="1" minor="6" />
	<Project>
		<Option title="Work" />
		<Option pch_mode="2" />
		<Option compiler="gcc" />
		<Build>
			<Target title="Debug Win32">
				<Option output="Work" prefix_auto="1" extension_auto="1" />
				<Option type="0" />
				<Option compiler="gcc" />
			</Target>
			<Target title="Debug x64">
				<Option output="Work" prefix_auto="1" extension_auto="1" />
				<Option type="0" />
				<Option compiler="gcc" />
			</Target>
			<Target title="Release x64">
				<Option output="Work" prefix_auto="1" extension_auto="1" />
				<Option type="0" />
				<Option compiler="gcc" />
			</Target>
			<Target title="Release Win32">
				<Option output="Work" prefix_auto="1" extension_auto="1" />
				<Option type="0" />
				<Option compiler="gcc" />
			</Target>
		</Build>
		<Unit filename="Calc.cpp" />
		<Unit filename="Calc.h" />
		<Unit filename="CalcTests.cpp" />
		<Unit filename="ChainHashTable.h" />
		<Unit filename="Deque.h" />
		<Unit filename="DequeTests.cpp" />
		<Unit filename="ExternalSort.cpp" />
		<Unit filename="ExternalSort.h" />
		<Unit filename="ExternalSortTests.cpp" />
		<Unit filename="File.cpp" />
		<Unit filename="File.h" />
		<Unit filename="HashTable.h" />
		<Unit filename="Heap.h" />
		<Unit filename="HeapForMerge.cpp" />
		<Unit filename="HeapForMerge.h" />
		<Unit filename="HeapTests.cpp" />
		<Unit filename="OpenAddressHashTable.h" />
		<Unit filename="OpenAddressHashTableTests.cpp" />
		<Unit filename="Smth.h" />
		<Unit filename="SortedListFromFile.cpp" />
		<Unit filename="SortedListFromFile.h" />
		<Unit filename="Sorts.h" />
		<Unit filename="Stack.h" />
		<Unit filename="Table.h" />
		<Unit filename="Vector.h" />
		<Unit filename="VectorTests.cpp" />
		<Unit filename="main.cpp" />
		<Unit filename="stdafx.cpp" />
		<Unit filename="stdafx.h" />
		<Extensions>
			<code_completion />
			<envvars />
			<debugger />
		</Extensions>
	</Project>
</CodeBlocks_project_file>
